
Microsoft Visual Studio Solution File, Format Version 12.00
# Visual Studio Version 17
VisualStudioVersion = 17.14.36301.6 d17.14
MinimumVisualStudioVersion = 10.0.40219.1
Project("{FAE04EC0-301F-11D3-BF4B-00C04F79EFBC}") = "Sample", "Sample.csproj", "{71382D2D-CB52-4EC7-B116-C08A8A5E4E40}"
EndProject
Global
	GlobalSection(SolutionConfigurationPlatforms) = preSolution
		Debug|Any CPU = Debug|Any CPU
		Release|Any CPU = Release|Any CPU
	EndGlobalSection
	GlobalSection(ProjectConfigurationPlatforms) = postSolution
		{71382D2D-CB52-4EC7-B116-C08A8A5E4E40}.Debug|Any CPU.ActiveCfg = Debug|Any CPU
		{71382D2D-CB52-4EC7-B116-C08A8A5E4E40}.Debug|Any CPU.Build.0 = Debug|Any CPU
		{71382D2D-CB52-4EC7-B116-C08A8A5E4E40}.Release|Any CPU.ActiveCfg = Release|Any CPU
		{71382D2D-CB52-4EC7-B116-C08A8A5E4E40}.Release|Any CPU.Build.0 = Release|Any CPU
	EndGlobalSection
	GlobalSection(SolutionProperties) = preSolution
		HideSolutionNode = FALSE
	EndGlobalSection
	GlobalSection(ExtensibilityGlobals) = postSolution
		SolutionGuid = {1DC01AE6-7DB1-478B-B830-8BB61E603FDC}
	EndGlobalSection
EndGlobal
