
Microsoft Visual Studio Solution File, Format Version 12.00
# Visual Studio Version 17
VisualStudioVersion = 17.14.36301.6 d17.14
MinimumVisualStudioVersion = 10.0.40219.1
Project("{FAE04EC0-301F-11D3-BF4B-00C04F79EFBC}") = "PlayWrightNunit", "PlayWrightNunit.csproj", "{98E4FE9B-6C34-437C-8524-B6AFC5F0AD26}"
EndProject
Global
	GlobalSection(SolutionConfigurationPlatforms) = preSolution
		Debug|Any CPU = Debug|Any CPU
		Release|Any CPU = Release|Any CPU
	EndGlobalSection
	GlobalSection(ProjectConfigurationPlatforms) = postSolution
		{98E4FE9B-6C34-437C-8524-B6AFC5F0AD26}.Debug|Any CPU.ActiveCfg = Debug|Any CPU
		{98E4FE9B-6C34-437C-8524-B6AFC5F0AD26}.Debug|Any CPU.Build.0 = Debug|Any CPU
		{98E4FE9B-6C34-437C-8524-B6AFC5F0AD26}.Release|Any CPU.ActiveCfg = Release|Any CPU
		{98E4FE9B-6C34-437C-8524-B6AFC5F0AD26}.Release|Any CPU.Build.0 = Release|Any CPU
	EndGlobalSection
	GlobalSection(SolutionProperties) = preSolution
		HideSolutionNode = FALSE
	EndGlobalSection
	GlobalSection(ExtensibilityGlobals) = postSolution
		SolutionGuid = {C4568F87-31BB-49DF-9561-B4D4A39E0BC2}
	EndGlobalSection
EndGlobal
